
Microsoft Visual Studio Solution File, Format Version 12.00
# Visual Studio Version 17
VisualStudioVersion = 17.11.35327.3
MinimumVisualStudioVersion = 10.0.40219.1
Project("{FAE04EC0-301F-11D3-BF4B-00C04F79EFBC}") = "AirWar", "AirWar\AirWar.csproj", "{B0D0F576-202B-4F4E-AE8A-8E49A51529C2}"
EndProject
Global
	GlobalSection(SolutionConfigurationPlatforms) = preSolution
		Debug|Any CPU = Debug|Any CPU
		Release|Any CPU = Release|Any CPU
	EndGlobalSection
	GlobalSection(ProjectConfigurationPlatforms) = postSolution
		{B0D0F576-202B-4F4E-AE8A-8E49A51529C2}.Debug|Any CPU.ActiveCfg = Debug|Any CPU
		{B0D0F576-202B-4F4E-AE8A-8E49A51529C2}.Debug|Any CPU.Build.0 = Debug|Any CPU
		{B0D0F576-202B-4F4E-AE8A-8E49A51529C2}.Release|Any CPU.ActiveCfg = Release|Any CPU
		{B0D0F576-202B-4F4E-AE8A-8E49A51529C2}.Release|Any CPU.Build.0 = Release|Any CPU
	EndGlobalSection
	GlobalSection(SolutionProperties) = preSolution
		HideSolutionNode = FALSE
	EndGlobalSection
	GlobalSection(ExtensibilityGlobals) = postSolution
		SolutionGuid = {E7FCB7C2-8F99-41E1-A572-8D39233D51C0}
	EndGlobalSection
EndGlobal
